<?xml version="1.0" encoding="utf-8"?>
<Project ToolsVersion="4.0" xmlns="http://schemas.microsoft.com/developer/msbuild/2003">
  <ItemGroup>
    <ClCompile Include="ConsoleLog.cpp">
      <Filter>Source Files\engine\logger</Filter>
    </ClCompile>
    <ClCompile Include="TextLog.cpp">
      <Filter>Source Files\engine\logger</Filter>
    </ClCompile>
    <ClCompile Include="LogStrategy.cpp">
      <Filter>Source Files\engine\logger</Filter>
    </ClCompile>
    <ClCompile Include="Logger.cpp">
      <Filter>Source Files\engine\logger</Filter>
    </ClCompile>
    <ClCompile Include="InputManager.cpp">
      <Filter>Source Files\engine\kernel</Filter>
    </ClCompile>
    <ClCompile Include="WindowManager.cpp">
      <Filter>Source Files\engine\kernel</Filter>
    </ClCompile>
    <ClCompile Include="Kernel.cpp">
      <Filter>Source Files\engine\kernel</Filter>
    </ClCompile>
    <ClCompile Include="ResourceManager.cpp">
      <Filter>Source Files\engine\kernel</Filter>
    </ClCompile>
    <ClCompile Include="SceneManager.cpp">
      <Filter>Source Files\engine\kernel</Filter>
    </ClCompile>
    <ClCompile Include="Entity.cpp">
      <Filter>Source Files\engine\scene</Filter>
    </ClCompile>
    <ClCompile Include="Scene.cpp">
      <Filter>Source Files\engine\scene</Filter>
    </ClCompile>
    <ClCompile Include="Win32Window.cpp">
      <Filter>Source Files\engine\window</Filter>
    </ClCompile>
    <ClCompile Include="Window.cpp">
      <Filter>Source Files\engine\window</Filter>
    </ClCompile>
    <ClCompile Include="Sandbox.cpp">
      <Filter>Source Files\engine</Filter>
    </ClCompile>
    <ClCompile Include="main.cpp">
      <Filter>Source Files</Filter>
    </ClCompile>
    <ClCompile Include="Renderer.cpp">
      <Filter>Source Files\engine\renderer</Filter>
    </ClCompile>
    <ClCompile Include="DirectX9Renderer.cpp">
      <Filter>Source Files\engine\renderer</Filter>
    </ClCompile>
  </ItemGroup>
  <ItemGroup>
    <ClInclude Include="ConsoleLog.h">
      <Filter>Header Files\engine\logger</Filter>
    </ClInclude>
    <ClInclude Include="LogStrategy.h">
      <Filter>Header Files\engine\logger</Filter>
    </ClInclude>
    <ClInclude Include="Logger.h">
      <Filter>Header Files\engine\logger</Filter>
    </ClInclude>
    <ClInclude Include="TextLog.h">
      <Filter>Header Files\engine\logger</Filter>
    </ClInclude>
    <ClInclude Include="InputManager.h">
      <Filter>Header Files\engine\kernel</Filter>
    </ClInclude>
    <ClInclude Include="Kernel.h">
      <Filter>Header Files\engine\kernel</Filter>
    </ClInclude>
    <ClInclude Include="ResourceManager.h">
      <Filter>Header Files\engine\kernel</Filter>
    </ClInclude>
    <ClInclude Include="SceneManager.h">
      <Filter>Header Files\engine\kernel</Filter>
    </ClInclude>
    <ClInclude Include="WindowManager.h">
      <Filter>Header Files\engine\kernel</Filter>
    </ClInclude>
    <ClInclude Include="Win32Window.h">
      <Filter>Header Files\engine\window</Filter>
    </ClInclude>
    <ClInclude Include="Window.h">
      <Filter>Header Files\engine\window</Filter>
    </ClInclude>
    <ClInclude Include="Entity.h">
      <Filter>Header Files\engine\scene</Filter>
    </ClInclude>
    <ClInclude Include="Scene.h">
      <Filter>Header Files\engine\scene</Filter>
    </ClInclude>
    <ClInclude Include="N00b.h">
      <Filter>Header Files\engine</Filter>
    </ClInclude>
    <ClInclude Include="Sandbox.h">
      <Filter>Header Files\engine</Filter>
    </ClInclude>
    <ClInclude Include="Renderer.h">
      <Filter>Header Files\engine\renderer</Filter>
    </ClInclude>
    <ClInclude Include="DirectX9Renderer.h">
      <Filter>Header Files\engine\renderer</Filter>
    </ClInclude>
  </ItemGroup>
  <ItemGroup>
    <Filter Include="Source Files">
      <UniqueIdentifier>{3a4f6caa-2d11-4d3a-acd0-bf2151b304a9}</UniqueIdentifier>
    </Filter>
    <Filter Include="Header Files">
      <UniqueIdentifier>{29f88b32-0558-4900-80ca-158be7dec2b5}</UniqueIdentifier>
    </Filter>
    <Filter Include="Resource Files">
      <UniqueIdentifier>{14dd7603-2901-4537-a122-258ad8f47fa2}</UniqueIdentifier>
    </Filter>
    <Filter Include="Source Files\engine">
      <UniqueIdentifier>{b13cc8c1-0247-4a5d-a551-b4865217ec0d}</UniqueIdentifier>
    </Filter>
    <Filter Include="Source Files\engine\kernel">
      <UniqueIdentifier>{6def05c8-7e2a-4959-ac1e-a3b0ecc20379}</UniqueIdentifier>
    </Filter>
    <Filter Include="Source Files\engine\logger">
      <UniqueIdentifier>{53599088-4483-4cbe-86f6-055258cc3eb9}</UniqueIdentifier>
    </Filter>
    <Filter Include="Source Files\engine\scene">
      <UniqueIdentifier>{979c5425-d220-48a5-88d0-2ccebcc9e2b0}</UniqueIdentifier>
    </Filter>
    <Filter Include="Header Files\engine">
      <UniqueIdentifier>{a11a2137-97ac-43e1-9289-6cbbd802f1e9}</UniqueIdentifier>
    </Filter>
    <Filter Include="Header Files\engine\kernel">
      <UniqueIdentifier>{be7a2683-d6ef-4214-8df2-f443edce9617}</UniqueIdentifier>
    </Filter>
    <Filter Include="Header Files\engine\logger">
      <UniqueIdentifier>{ccee35f7-47c6-4c11-9624-79b889ab1275}</UniqueIdentifier>
    </Filter>
    <Filter Include="Header Files\engine\scene">
      <UniqueIdentifier>{2af26ff9-9153-467f-90c0-83cb2dbcaf4e}</UniqueIdentifier>
    </Filter>
    <Filter Include="Header Files\engine\window">
      <UniqueIdentifier>{db2e4290-21df-4cf4-ac57-5926cdb1ad47}</UniqueIdentifier>
    </Filter>
    <Filter Include="Source Files\engine\window">
      <UniqueIdentifier>{bea5175d-40c1-4213-a455-4c5422e213fd}</UniqueIdentifier>
    </Filter>
    <Filter Include="Header Files\engine\renderer">
      <UniqueIdentifier>{ebe6d034-e5f1-4996-8c3a-44b57f363207}</UniqueIdentifier>
    </Filter>
    <Filter Include="Source Files\engine\renderer">
      <UniqueIdentifier>{1c486d0c-26eb-4b5c-a21e-706783a6bba9}</UniqueIdentifier>
    </Filter>
  </ItemGroup>
</Project>