<?xml version="1.0" encoding="utf-8"?>
<Project ToolsVersion="4.0" xmlns="http://schemas.microsoft.com/developer/msbuild/2003">
  <ItemGroup>
    <ClCompile Include="ConsoleLog.cpp">
      <Filter>Source Files\engine\logger</Filter>
    </ClCompile>
    <ClCompile Include="TextLog.cpp">
      <Filter>Source Files\engine\logger</Filter>
    </ClCompile>
    <ClCompile Include="Logger.cpp">
      <Filter>Source Files\engine\logger</Filter>
    </ClCompile>
    <ClCompile Include="InputManager.cpp">
      <Filter>Source Files\engine\kernel</Filter>
    </ClCompile>
    <ClCompile Include="WindowManager.cpp">
      <Filter>Source Files\engine\kernel</Filter>
    </ClCompile>
    <ClCompile Include="Kernel.cpp">
      <Filter>Source Files\engine\kernel</Filter>
    </ClCompile>
    <ClCompile Include="ResourceManager.cpp">
      <Filter>Source Files\engine\kernel</Filter>
    </ClCompile>
    <ClCompile Include="SceneManager.cpp">
      <Filter>Source Files\engine\kernel</Filter>
    </ClCompile>
    <ClCompile Include="Scene.cpp">
      <Filter>Source Files\engine\scene</Filter>
    </ClCompile>
    <ClCompile Include="Win32Window.cpp">
      <Filter>Source Files\engine\window</Filter>
    </ClCompile>
    <ClCompile Include="Sandbox.cpp">
      <Filter>Source Files\engine</Filter>
    </ClCompile>
    <ClCompile Include="DirectX9Renderer.cpp">
      <Filter>Source Files\engine\renderer</Filter>
    </ClCompile>
    <ClCompile Include="Renderer.cpp">
      <Filter>Source Files\engine\renderer</Filter>
    </ClCompile>
    <ClCompile Include="Resource.cpp">
      <Filter>Source Files\engine\resource</Filter>
    </ClCompile>
    <ClCompile Include="Entity.cpp">
      <Filter>Source Files\engine\scene</Filter>
    </ClCompile>
    <ClCompile Include="main.cpp">
      <Filter>Source Files</Filter>
    </ClCompile>
    <ClCompile Include="SceneBas.cpp">
      <Filter>Source Files\game\scenes</Filter>
    </ClCompile>
    <ClCompile Include="SceneAlex.cpp">
      <Filter>Source Files\game\scenes</Filter>
    </ClCompile>
    <ClCompile Include="SceneLeon.cpp">
      <Filter>Source Files\game\scenes</Filter>
    </ClCompile>
    <ClCompile Include="SceneSteffen.cpp">
      <Filter>Source Files\game\scenes</Filter>
    </ClCompile>
    <ClCompile Include="Model.cpp">
      <Filter>Source Files\engine\scene\entities</Filter>
    </ClCompile>
    <ClCompile Include="Camera.cpp">
      <Filter>Source Files\engine\scene\entities</Filter>
    </ClCompile>
  </ItemGroup>
  <ItemGroup>
    <ClInclude Include="ConsoleLog.h">
      <Filter>Header Files\engine\logger</Filter>
    </ClInclude>
    <ClInclude Include="LogStrategy.h">
      <Filter>Header Files\engine\logger</Filter>
    </ClInclude>
    <ClInclude Include="Logger.h">
      <Filter>Header Files\engine\logger</Filter>
    </ClInclude>
    <ClInclude Include="TextLog.h">
      <Filter>Header Files\engine\logger</Filter>
    </ClInclude>
    <ClInclude Include="InputManager.h">
      <Filter>Header Files\engine\kernel</Filter>
    </ClInclude>
    <ClInclude Include="Kernel.h">
      <Filter>Header Files\engine\kernel</Filter>
    </ClInclude>
    <ClInclude Include="ResourceManager.h">
      <Filter>Header Files\engine\kernel</Filter>
    </ClInclude>
    <ClInclude Include="SceneManager.h">
      <Filter>Header Files\engine\kernel</Filter>
    </ClInclude>
    <ClInclude Include="WindowManager.h">
      <Filter>Header Files\engine\kernel</Filter>
    </ClInclude>
    <ClInclude Include="Win32Window.h">
      <Filter>Header Files\engine\window</Filter>
    </ClInclude>
    <ClInclude Include="Window.h">
      <Filter>Header Files\engine\window</Filter>
    </ClInclude>
    <ClInclude Include="Entity.h">
      <Filter>Header Files\engine\scene</Filter>
    </ClInclude>
    <ClInclude Include="Scene.h">
      <Filter>Header Files\engine\scene</Filter>
    </ClInclude>
    <ClInclude Include="N00b.h">
      <Filter>Header Files\engine</Filter>
    </ClInclude>
    <ClInclude Include="Sandbox.h">
      <Filter>Header Files\engine</Filter>
    </ClInclude>
    <ClInclude Include="Renderer.h">
      <Filter>Header Files\engine\renderer</Filter>
    </ClInclude>
    <ClInclude Include="DirectX9Renderer.h">
      <Filter>Header Files\engine\renderer</Filter>
    </ClInclude>
    <ClInclude Include="Vector3.h">
      <Filter>Header Files\engine\utils</Filter>
    </ClInclude>
    <ClInclude Include="Resource.h">
      <Filter>Header Files\engine\resource</Filter>
    </ClInclude>
    <ClInclude Include="SceneBas.h">
      <Filter>Header Files\game\scenes</Filter>
    </ClInclude>
    <ClInclude Include="SceneAlex.h">
      <Filter>Header Files\game\scenes</Filter>
    </ClInclude>
    <ClInclude Include="SceneLeon.h">
      <Filter>Header Files\game\scenes</Filter>
    </ClInclude>
    <ClInclude Include="SceneSteffen.h">
      <Filter>Header Files\game\scenes</Filter>
    </ClInclude>
    <ClInclude Include="Model.h">
      <Filter>Header Files\engine\scene\entities</Filter>
    </ClInclude>
    <ClInclude Include="Camera.h">
      <Filter>Header Files\engine\scene\entities</Filter>
    </ClInclude>
  </ItemGroup>
  <ItemGroup>
    <Filter Include="Source Files">
      <UniqueIdentifier>{3a4f6caa-2d11-4d3a-acd0-bf2151b304a9}</UniqueIdentifier>
    </Filter>
    <Filter Include="Header Files">
      <UniqueIdentifier>{29f88b32-0558-4900-80ca-158be7dec2b5}</UniqueIdentifier>
    </Filter>
    <Filter Include="Resource Files">
      <UniqueIdentifier>{14dd7603-2901-4537-a122-258ad8f47fa2}</UniqueIdentifier>
    </Filter>
    <Filter Include="Source Files\engine">
      <UniqueIdentifier>{b13cc8c1-0247-4a5d-a551-b4865217ec0d}</UniqueIdentifier>
    </Filter>
    <Filter Include="Source Files\engine\kernel">
      <UniqueIdentifier>{6def05c8-7e2a-4959-ac1e-a3b0ecc20379}</UniqueIdentifier>
    </Filter>
    <Filter Include="Source Files\engine\logger">
      <UniqueIdentifier>{53599088-4483-4cbe-86f6-055258cc3eb9}</UniqueIdentifier>
    </Filter>
    <Filter Include="Source Files\engine\scene">
      <UniqueIdentifier>{979c5425-d220-48a5-88d0-2ccebcc9e2b0}</UniqueIdentifier>
    </Filter>
    <Filter Include="Header Files\engine">
      <UniqueIdentifier>{a11a2137-97ac-43e1-9289-6cbbd802f1e9}</UniqueIdentifier>
    </Filter>
    <Filter Include="Header Files\engine\kernel">
      <UniqueIdentifier>{be7a2683-d6ef-4214-8df2-f443edce9617}</UniqueIdentifier>
    </Filter>
    <Filter Include="Header Files\engine\logger">
      <UniqueIdentifier>{ccee35f7-47c6-4c11-9624-79b889ab1275}</UniqueIdentifier>
    </Filter>
    <Filter Include="Header Files\engine\scene">
      <UniqueIdentifier>{2af26ff9-9153-467f-90c0-83cb2dbcaf4e}</UniqueIdentifier>
    </Filter>
    <Filter Include="Header Files\engine\window">
      <UniqueIdentifier>{db2e4290-21df-4cf4-ac57-5926cdb1ad47}</UniqueIdentifier>
    </Filter>
    <Filter Include="Source Files\engine\window">
      <UniqueIdentifier>{bea5175d-40c1-4213-a455-4c5422e213fd}</UniqueIdentifier>
    </Filter>
    <Filter Include="Header Files\engine\renderer">
      <UniqueIdentifier>{ebe6d034-e5f1-4996-8c3a-44b57f363207}</UniqueIdentifier>
    </Filter>
    <Filter Include="Source Files\engine\renderer">
      <UniqueIdentifier>{1c486d0c-26eb-4b5c-a21e-706783a6bba9}</UniqueIdentifier>
    </Filter>
    <Filter Include="Header Files\engine\scene\entities">
      <UniqueIdentifier>{9b3f3271-383a-4436-9d14-2e949639bd90}</UniqueIdentifier>
    </Filter>
    <Filter Include="Source Files\engine\scene\entities">
      <UniqueIdentifier>{422ee034-d4bc-4220-99b5-c95060d5941a}</UniqueIdentifier>
    </Filter>
    <Filter Include="Header Files\engine\utils">
      <UniqueIdentifier>{ddfc1ad5-f700-4e8f-8c0b-d626735abd59}</UniqueIdentifier>
    </Filter>
    <Filter Include="Source Files\engine\resource">
      <UniqueIdentifier>{ee870158-f886-418d-836b-67ee034814b1}</UniqueIdentifier>
    </Filter>
    <Filter Include="Header Files\engine\resource">
      <UniqueIdentifier>{ede20f68-a0c9-4225-b0da-1b91fcf14e1b}</UniqueIdentifier>
    </Filter>
    <Filter Include="Resource Files\textures">
      <UniqueIdentifier>{9a57c892-8e4c-4caf-a1ce-fa8c19829805}</UniqueIdentifier>
    </Filter>
    <Filter Include="Resource Files\models">
      <UniqueIdentifier>{458b3e36-8817-40d6-af16-639719a71e61}</UniqueIdentifier>
    </Filter>
    <Filter Include="Header Files\game">
      <UniqueIdentifier>{dfae05fe-1b83-4da5-80d7-0bd95a62fe37}</UniqueIdentifier>
    </Filter>
    <Filter Include="Source Files\game">
      <UniqueIdentifier>{d5997641-e69a-4581-8bfe-f410229db8a5}</UniqueIdentifier>
    </Filter>
    <Filter Include="Source Files\game\scenes">
      <UniqueIdentifier>{d407b8ac-bf69-4bcc-9ceb-360f1d315c74}</UniqueIdentifier>
    </Filter>
    <Filter Include="Header Files\game\scenes">
      <UniqueIdentifier>{b5bdeac4-ef0a-4ccb-8c99-71e428ba6bf9}</UniqueIdentifier>
    </Filter>
  </ItemGroup>
  <ItemGroup>
    <None Include="tiger.bmp">
      <Filter>Resource Files\textures</Filter>
    </None>
    <None Include="tiger.x">
      <Filter>Resource Files\models</Filter>
    </None>
    <None Include="tiny.x">
      <Filter>Resource Files\models</Filter>
    </None>
    <None Include="Tiny_skin.dds">
      <Filter>Resource Files\textures</Filter>
    </None>
    <None Include="barrel.jpg">
      <Filter>Resource Files\textures</Filter>
    </None>
    <None Include="planks01.jpg">
      <Filter>Resource Files\textures</Filter>
    </None>
    <None Include="planks02.jpg">
      <Filter>Resource Files\textures</Filter>
    </None>
    <None Include="barrel.X">
      <Filter>Resource Files\models</Filter>
    </None>
    <None Include="table_lowpoly.x">
      <Filter>Resource Files\models</Filter>
    </None>
  </ItemGroup>
</Project>